
Microsoft Visual Studio Solution File, Format Version 12.00
# Visual Studio Version 17
VisualStudioVersion = 17.5.002.0
MinimumVisualStudioVersion = 10.0.40219.1
Project("{9A19103F-16F7-4668-BE54-9A1E7A4F7556}") = "DesafioProjetoHospedagem", "DesafioProjetoHospedagem.csproj", "{3935C8F1-70E1-4697-BAC3-706E03AD3EBF}"
EndProject
Global
	GlobalSection(SolutionConfigurationPlatforms) = preSolution
		Debug|Any CPU = Debug|Any CPU
		Release|Any CPU = Release|Any CPU
	EndGlobalSection
	GlobalSection(ProjectConfigurationPlatforms) = postSolution
		{3935C8F1-70E1-4697-BAC3-706E03AD3EBF}.Debug|Any CPU.ActiveCfg = Debug|Any CPU
		{3935C8F1-70E1-4697-BAC3-706E03AD3EBF}.Debug|Any CPU.Build.0 = Debug|Any CPU
		{3935C8F1-70E1-4697-BAC3-706E03AD3EBF}.Release|Any CPU.ActiveCfg = Release|Any CPU
		{3935C8F1-70E1-4697-BAC3-706E03AD3EBF}.Release|Any CPU.Build.0 = Release|Any CPU
	EndGlobalSection
	GlobalSection(SolutionProperties) = preSolution
		HideSolutionNode = FALSE
	EndGlobalSection
	GlobalSection(ExtensibilityGlobals) = postSolution
		SolutionGuid = {CE75268B-48B8-49F8-8CE6-C2420C1E4E4D}
	EndGlobalSection
EndGlobal
